<?xml version="1.0" encoding="UTF-8"?>
<CONFIG>
  <ProjectOptions>
    <Version Value="12"/>
    <PathDelim Value="\"/>
    <General>
      <Flags>
        <MainUnitHasUsesSectionForAllUnits Value="False"/>
        <MainUnitHasCreateFormStatements Value="False"/>
        <MainUnitHasTitleStatement Value="False"/>
        <MainUnitHasScaledStatement Value="False"/>
        <CompatibilityMode Value="True"/>
      </Flags>
      <SessionStorage Value="InProjectDir"/>
      <Title Value="opensoldat"/>
      <UseAppBundle Value="False"/>
      <ResourceType Value="res"/>
      <UseXPManifest Value="True"/>
      <XPManifest>
        <DpiAware Value="True/PM"/>
        <TextName Value="io.github.opensoldat.opensoldat-client"/>
        <TextDesc Value=""/>
      </XPManifest>
      <Icon Value="0"/>
    </General>
    <LazDoc Paths="docs"/>
    <BuildModes Count="13">
      <Item1 Name="Windows x86_64 debug" Default="True"/>
      <Item2 Name="Windows x86_64 release">
        <CompilerOptions>
          <Version Value="11"/>
          <PathDelim Value="\"/>
          <Target>
            <Filename Value="build\opensoldat"/>
          </Target>
          <SearchPaths>
            <IncludeFiles Value="libs;..\3rdparty\Pascal-SDL-2-Headers;..\3rdparty\Indy10\Lib\System;..\3rdparty\Indy10\Lib\Core;..\shared;..\shared\libs;..\shared\libs\KrakenSDK;libs\dglOpenGL;libs\stb;libs\FreeType;libs\openal;$(ProjOutDir)"/>
            <Libraries Value="build"/>
            <OtherUnitFiles Value="..\shared;..\shared\mechanics;..\shared\network;..\3rdparty\Pascal-SDL-2-Headers;..\3rdparty\Indy10\Lib\System;..\3rdparty\Indy10\Lib\Core;..\shared\libs;..\shared\libs\KrakenSDK;..\shared\libs\PhysFS;..\shared\libs\GameNetworkingSockets;..\shared\libs\SteamWrapper;libs;libs\dglOpenGL;libs\stb;libs\FreeType;libs\openal"/>
            <UnitOutputDirectory Value="build\$(TargetOS)"/>
          </SearchPaths>
          <Parsing>
            <SyntaxOptions>
              <SyntaxMode Value="Delphi"/>
              <UseAnsiStrings Value="False"/>
            </SyntaxOptions>
          </Parsing>
          <CodeGeneration>
            <SmartLinkUnit Value="True"/>
            <RelocatableUnit Value="True"/>
            <TargetCPU Value="x86_64"/>
            <TargetOS Value="win64"/>
            <Optimizations>
              <OptimizationLevel Value="3"/>
              <VariablesInRegisters Value="True"/>
            </Optimizations>
            <SmallerCode Value="True"/>
          </CodeGeneration>
          <Linking>
            <Debugging>
              <GenerateDebugInfo Value="False"/>
              <UseLineInfoUnit Value="False"/>
              <StripSymbols Value="True"/>
            </Debugging>
            <LinkSmart Value="True"/>
          </Linking>
          <Other>
            <Verbosity>
              <ShowNotes Value="False"/>
              <ShowHints Value="False"/>
            </Verbosity>
          </Other>
        </CompilerOptions>
      </Item2>
      <Item3 Name="Windows i386 release">
        <CompilerOptions>
          <Version Value="11"/>
          <PathDelim Value="\"/>
          <Target>
            <Filename Value="build\opensoldat"/>
          </Target>
          <SearchPaths>
            <IncludeFiles Value="..\3rdparty\Indy10\Lib\Core;..\shared;$(ProjOutDir)"/>
            <Libraries Value="build"/>
            <OtherUnitFiles Value="libs;..\3rdparty\Pascal-SDL-2-Headers;..\3rdparty\Indy10\Lib\System;..\3rdparty\Indy10\Lib\Core;..\shared;..\shared\libs;..\shared\libs\PhysFS;..\shared\mechanics;..\shared\network;..\shared\libs\GameNetworkingSockets;..\shared\libs\SteamWrapper;libs\dglOpenGL;libs\stb;libs\FreeType;libs\openal;$(ProjOutDir)"/>
            <UnitOutputDirectory Value="build\$(TargetOS)"/>
          </SearchPaths>
          <Parsing>
            <SyntaxOptions>
              <SyntaxMode Value="Delphi"/>
              <UseAnsiStrings Value="False"/>
            </SyntaxOptions>
          </Parsing>
          <CodeGeneration>
            <SmartLinkUnit Value="True"/>
            <RelocatableUnit Value="True"/>
            <TargetCPU Value="i386"/>
            <TargetOS Value="win32"/>
            <Optimizations>
              <OptimizationLevel Value="3"/>
              <VariablesInRegisters Value="True"/>
            </Optimizations>
            <SmallerCode Value="True"/>
          </CodeGeneration>
          <Linking>
            <Debugging>
              <GenerateDebugInfo Value="False"/>
              <UseLineInfoUnit Value="False"/>
              <StripSymbols Value="True"/>
            </Debugging>
            <LinkSmart Value="True"/>
          </Linking>
          <Other>
            <Verbosity>
              <ShowNotes Value="False"/>
              <ShowHints Value="False"/>
            </Verbosity>
          </Other>
        </CompilerOptions>
      </Item3>
      <Item4 Name="GNU/Linux x86_64 debug">
        <CompilerOptions>
          <Version Value="11"/>
          <PathDelim Value="\"/>
          <Target>
            <Filename Value="build\opensoldat"/>
          </Target>
          <SearchPaths>
            <IncludeFiles Value="libs;..\3rdparty\Pascal-SDL-2-Headers;..\3rdparty\Indy10\Lib\System;..\3rdparty\Indy10\Lib\Core;..\shared;..\shared\libs;..\shared\libs\KrakenSDK;libs\dglOpenGL;libs\stb;libs\FreeType;libs\openal;$(ProjOutDir)"/>
            <Libraries Value="build"/>
            <OtherUnitFiles Value="..\shared;..\shared\mechanics;..\shared\network;..\3rdparty\Pascal-SDL-2-Headers;..\3rdparty\Indy10\Lib\System;..\3rdparty\Indy10\Lib\Core;..\shared\libs;..\shared\libs\KrakenSDK;..\shared\libs\PhysFS;..\shared\libs\GameNetworkingSockets;..\shared\libs\SteamWrapper;libs;libs\dglOpenGL;libs\stb;libs\FreeType;libs\openal"/>
            <UnitOutputDirectory Value="build\$(TargetOS)"/>
          </SearchPaths>
          <Parsing>
            <SyntaxOptions>
              <SyntaxMode Value="Delphi"/>
              <UseAnsiStrings Value="False"/>
            </SyntaxOptions>
          </Parsing>
          <CodeGeneration>
            <TargetCPU Value="x86_64"/>
            <TargetOS Value="linux"/>
          </CodeGeneration>
          <Other>
            <Verbosity>
              <ShowHints Value="False"/>
            </Verbosity>
            <CustomOptions Value="-k-rpath=$ORIGIN
-dDEBUG
-dDEVELOPMENT"/>
          </Other>
        </CompilerOptions>
      </Item4>
      <Item5 Name="GNU/Linux x86_64 release">
        <CompilerOptions>
          <Version Value="11"/>
          <PathDelim Value="\"/>
          <Target>
            <Filename Value="build\opensoldat" ApplyConventions="False"/>
          </Target>
          <SearchPaths>
            <IncludeFiles Value="libs;..\3rdparty\Pascal-SDL-2-Headers;..\3rdparty\Indy10\Lib\System;..\3rdparty\Indy10\Lib\Core;..\shared;..\shared\libs;..\shared\libs\KrakenSDK;libs\dglOpenGL;libs\stb;libs\FreeType;libs\openal;$(ProjOutDir)"/>
            <Libraries Value="build"/>
            <OtherUnitFiles Value="..\shared;..\shared\mechanics;..\shared\network;..\3rdparty\Pascal-SDL-2-Headers;..\3rdparty\Indy10\Lib\System;..\3rdparty\Indy10\Lib\Core;..\shared\libs;..\shared\libs\KrakenSDK;..\shared\libs\PhysFS;..\shared\libs\GameNetworkingSockets;..\shared\libs\SteamWrapper;libs;libs\dglOpenGL;libs\stb;libs\FreeType;libs\openal"/>
            <UnitOutputDirectory Value="build\$(TargetOS)"/>
          </SearchPaths>
          <Parsing>
            <SyntaxOptions>
              <SyntaxMode Value="Delphi"/>
              <UseAnsiStrings Value="False"/>
            </SyntaxOptions>
          </Parsing>
          <CodeGeneration>
            <SmartLinkUnit Value="True"/>
            <TargetCPU Value="x86_64"/>
            <TargetOS Value="linux"/>
            <Optimizations>
              <OptimizationLevel Value="3"/>
              <VariablesInRegisters Value="True"/>
            </Optimizations>
            <SmallerCode Value="True"/>
          </CodeGeneration>
          <Linking>
            <Debugging>
              <GenerateDebugInfo Value="False"/>
              <UseLineInfoUnit Value="False"/>
              <StripSymbols Value="True"/>
            </Debugging>
            <LinkSmart Value="True"/>
          </Linking>
          <Other>
            <Verbosity>
              <ShowNotes Value="False"/>
              <ShowHints Value="False"/>
            </Verbosity>
            <CustomOptions Value="-k-rpath=$ORIGIN"/>
          </Other>
        </CompilerOptions>
      </Item5>
      <Item6 Name="GNU/Linux i386 debug">
        <CompilerOptions>
          <Version Value="11"/>
          <PathDelim Value="\"/>
          <Target>
            <Filename Value="build\opensoldat"/>
          </Target>
          <SearchPaths>
            <IncludeFiles Value="libs;..\3rdparty\Pascal-SDL-2-Headers;..\3rdparty\Indy10\Lib\System;..\3rdparty\Indy10\Lib\Core;..\shared;..\shared\libs;..\shared\libs\KrakenSDK;libs\dglOpenGL;libs\stb;libs\FreeType;libs\openal;$(ProjOutDir)"/>
            <Libraries Value="build"/>
            <OtherUnitFiles Value="..\shared;..\shared\mechanics;..\shared\network;..\3rdparty\Pascal-SDL-2-Headers;..\3rdparty\Indy10\Lib\System;..\3rdparty\Indy10\Lib\Core;..\shared\libs;..\shared\libs\KrakenSDK;..\shared\libs\PhysFS;..\shared\libs\GameNetworkingSockets;..\shared\libs\SteamWrapper;libs;libs\dglOpenGL;libs\stb;libs\FreeType;libs\openal"/>
            <UnitOutputDirectory Value="build\$(TargetOS)"/>
          </SearchPaths>
          <Parsing>
            <SyntaxOptions>
              <SyntaxMode Value="Delphi"/>
              <UseAnsiStrings Value="False"/>
            </SyntaxOptions>
          </Parsing>
          <CodeGeneration>
            <TargetCPU Value="i386"/>
            <TargetOS Value="linux"/>
          </CodeGeneration>
          <Linking>
            <Debugging>
              <UseLineInfoUnit Value="False"/>
            </Debugging>
          </Linking>
          <Other>
            <CustomOptions Value="-k-rpath=$ORIGIN
-dDEBUG
-dDEVELOPMENT"/>
          </Other>
        </CompilerOptions>
      </Item6>
      <Item7 Name="GNU/Linux i386 release">
        <CompilerOptions>
          <Version Value="11"/>
          <PathDelim Value="\"/>
          <Target>
            <Filename Value="build\opensoldat" ApplyConventions="False"/>
          </Target>
          <SearchPaths>
            <IncludeFiles Value="libs;..\3rdparty\Pascal-SDL-2-Headers;..\3rdparty\Indy10\Lib\System;..\3rdparty\Indy10\Lib\Core;..\shared;..\shared\libs;..\shared\libs\KrakenSDK;libs\dglOpenGL;libs\stb;libs\FreeType;libs\openal;$(ProjOutDir)"/>
            <Libraries Value="build"/>
            <OtherUnitFiles Value="..\shared;..\shared\mechanics;..\shared\network;..\3rdparty\Pascal-SDL-2-Headers;..\3rdparty\Indy10\Lib\System;..\3rdparty\Indy10\Lib\Core;..\shared\libs;..\shared\libs\KrakenSDK;..\shared\libs\PhysFS;..\shared\libs\GameNetworkingSockets;..\shared\libs\SteamWrapper;libs;libs\dglOpenGL;libs\stb;libs\FreeType;libs\openal"/>
            <UnitOutputDirectory Value="build\$(TargetOS)"/>
          </SearchPaths>
          <Parsing>
            <SyntaxOptions>
              <SyntaxMode Value="Delphi"/>
              <UseAnsiStrings Value="False"/>
            </SyntaxOptions>
          </Parsing>
          <CodeGeneration>
            <SmartLinkUnit Value="True"/>
            <TargetCPU Value="i386"/>
            <TargetOS Value="linux"/>
            <Optimizations>
              <OptimizationLevel Value="3"/>
              <VariablesInRegisters Value="True"/>
            </Optimizations>
            <SmallerCode Value="True"/>
          </CodeGeneration>
          <Linking>
            <Debugging>
              <GenerateDebugInfo Value="False"/>
              <UseLineInfoUnit Value="False"/>
              <StripSymbols Value="True"/>
            </Debugging>
            <LinkSmart Value="True"/>
          </Linking>
          <Other>
            <Verbosity>
              <ShowNotes Value="False"/>
              <ShowHints Value="False"/>
            </Verbosity>
            <CustomOptions Value="-k-rpath=$ORIGIN"/>
          </Other>
        </CompilerOptions>
      </Item7>
      <Item8 Name="macOS x86_64 debug">
        <CompilerOptions>
          <Version Value="11"/>
          <PathDelim Value="\"/>
          <Target>
            <Filename Value="build\opensoldat"/>
          </Target>
          <SearchPaths>
            <IncludeFiles Value="libs;..\3rdparty\Pascal-SDL-2-Headers;..\3rdparty\Indy10\Lib\System;..\3rdparty\Indy10\Lib\Core;..\shared;..\shared\libs;..\shared\libs\KrakenSDK;libs\dglOpenGL;libs\stb;libs\FreeType;libs\openal;libs\macOS;$(ProjOutDir)"/>
            <Libraries Value="build"/>
            <OtherUnitFiles Value="..\shared;..\shared\mechanics;..\shared\network;..\3rdparty\Pascal-SDL-2-Headers;..\3rdparty\Indy10\Lib\System;..\3rdparty\Indy10\Lib\Core;..\shared\libs;..\shared\libs\KrakenSDK;..\shared\libs\PhysFS;..\shared\libs\GameNetworkingSockets;..\shared\libs\SteamWrapper;libs;libs\dglOpenGL;libs\stb;libs\FreeType;libs\openal;libs\macOS"/>
            <UnitOutputDirectory Value="build\$(TargetOS)"/>
          </SearchPaths>
          <Parsing>
            <SyntaxOptions>
              <SyntaxMode Value="Delphi"/>
              <UseAnsiStrings Value="False"/>
            </SyntaxOptions>
          </Parsing>
          <CodeGeneration>
            <RelocatableUnit Value="True"/>
            <TargetCPU Value="x86_64"/>
            <TargetOS Value="darwin"/>
          </CodeGeneration>
          <Linking>
            <Options>
              <PassLinkerOptions Value="True"/>
              <LinkerOptions Value="-FmacOS\Frameworks -framework OpenAL -framework OpenGL -framework SDL2 -rpath @executable_path -rpath @executable_path\..\Frameworks"/>
            </Options>
          </Linking>
          <Other>
            <Verbosity>
              <ShowNotes Value="False"/>
              <ShowHints Value="False"/>
            </Verbosity>
            <CustomOptions Value="-dDEBUG
-dDEVELOPMENT"/>
          </Other>
        </CompilerOptions>
      </Item8>
      <Item9 Name="macOS x86_64 release">
        <CompilerOptions>
          <Version Value="11"/>
          <PathDelim Value="\"/>
          <Target>
            <Filename Value="build\opensoldat"/>
          </Target>
          <SearchPaths>
            <IncludeFiles Value="libs;..\3rdparty\Pascal-SDL-2-Headers;..\3rdparty\Indy10\Lib\System;..\3rdparty\Indy10\Lib\Core;..\shared;..\shared\libs;..\shared\libs\KrakenSDK;libs\dglOpenGL;libs\stb;libs\FreeType;libs\openal;libs\macOS;$(ProjOutDir)"/>
            <Libraries Value="build"/>
            <OtherUnitFiles Value="..\shared;..\shared\mechanics;..\shared\network;..\3rdparty\Pascal-SDL-2-Headers;..\3rdparty\Indy10\Lib\System;..\3rdparty\Indy10\Lib\Core;..\shared\libs;..\shared\libs\KrakenSDK;..\shared\libs\PhysFS;..\shared\libs\GameNetworkingSockets;..\shared\libs\SteamWrapper;libs;libs\dglOpenGL;libs\stb;libs\FreeType;libs\openal;libs\macOS"/>
            <UnitOutputDirectory Value="build\$(TargetOS)"/>
          </SearchPaths>
          <Parsing>
            <SyntaxOptions>
              <SyntaxMode Value="Delphi"/>
              <UseAnsiStrings Value="False"/>
            </SyntaxOptions>
          </Parsing>
          <CodeGeneration>
            <RelocatableUnit Value="True"/>
            <TargetCPU Value="x86_64"/>
            <TargetOS Value="darwin"/>
            <Optimizations>
              <OptimizationLevel Value="3"/>
              <VariablesInRegisters Value="True"/>
            </Optimizations>
            <SmallerCode Value="True"/>
          </CodeGeneration>
          <Linking>
            <Debugging>
              <GenerateDebugInfo Value="False"/>
              <UseLineInfoUnit Value="False"/>
              <StripSymbols Value="True"/>
            </Debugging>
            <LinkSmart Value="True"/>
            <Options>
              <PassLinkerOptions Value="True"/>
              <LinkerOptions Value="-FmacOS\Frameworks -framework OpenAL -framework OpenGL -framework SDL2 -rpath @executable_path -rpath @executable_path\..\Frameworks"/>
            </Options>
          </Linking>
          <Other>
            <Verbosity>
              <ShowNotes Value="False"/>
              <ShowHints Value="False"/>
            </Verbosity>
          </Other>
        </CompilerOptions>
      </Item9>
      <Item10 Name="macOS i386 debug">
        <CompilerOptions>
          <Version Value="11"/>
          <PathDelim Value="\"/>
          <Target>
            <Filename Value="build\opensoldat"/>
          </Target>
          <SearchPaths>
            <IncludeFiles Value="libs;..\3rdparty\Pascal-SDL-2-Headers;..\3rdparty\Indy10\Lib\System;..\3rdparty\Indy10\Lib\Core;..\shared;..\shared\libs;..\shared\libs\KrakenSDK;libs\dglOpenGL;libs\stb;libs\FreeType;libs\openal;libs\macOS;$(ProjOutDir)"/>
            <Libraries Value="build"/>
            <OtherUnitFiles Value="..\shared;..\shared\mechanics;..\shared\network;..\3rdparty\Pascal-SDL-2-Headers;..\3rdparty\Indy10\Lib\System;..\3rdparty\Indy10\Lib\Core;..\shared\libs;..\shared\libs\KrakenSDK;..\shared\libs\PhysFS;..\shared\libs\GameNetworkingSockets;..\shared\libs\SteamWrapper;libs;libs\dglOpenGL;libs\stb;libs\FreeType;libs\openal;libs\macOS"/>
            <UnitOutputDirectory Value="build\$(TargetOS)"/>
          </SearchPaths>
          <Parsing>
            <SyntaxOptions>
              <SyntaxMode Value="Delphi"/>
              <UseAnsiStrings Value="False"/>
            </SyntaxOptions>
          </Parsing>
          <CodeGeneration>
            <RelocatableUnit Value="True"/>
            <TargetCPU Value="i386"/>
            <TargetOS Value="darwin"/>
          </CodeGeneration>
          <Linking>
            <LinkSmart Value="True"/>
            <Options>
              <PassLinkerOptions Value="True"/>
              <LinkerOptions Value="-FmacOS\Frameworks -framework OpenAL -framework OpenGL -framework SDL2 -rpath @executable_path -rpath @executable_path\..\Frameworks"/>
            </Options>
          </Linking>
          <Other>
            <Verbosity>
              <ShowNotes Value="False"/>
              <ShowHints Value="False"/>
            </Verbosity>
            <CustomOptions Value="-dDEBUG
-dDEVELOPMENT"/>
          </Other>
        </CompilerOptions>
      </Item10>
      <Item11 Name="macOS i386 release">
        <CompilerOptions>
          <Version Value="11"/>
          <PathDelim Value="\"/>
          <Target>
            <Filename Value="build\opensoldat"/>
          </Target>
          <SearchPaths>
            <IncludeFiles Value="libs;..\3rdparty\Pascal-SDL-2-Headers;..\3rdparty\Indy10\Lib\System;..\3rdparty\Indy10\Lib\Core;..\shared;..\shared\libs;..\shared\libs\KrakenSDK;libs\dglOpenGL;libs\stb;libs\FreeType;libs\openal;libs\macOS;$(ProjOutDir)"/>
            <Libraries Value="build"/>
            <OtherUnitFiles Value="..\shared;..\shared\mechanics;..\shared\network;..\3rdparty\Pascal-SDL-2-Headers;..\3rdparty\Indy10\Lib\System;..\3rdparty\Indy10\Lib\Core;..\shared\libs;..\shared\libs\KrakenSDK;..\shared\libs\PhysFS;..\shared\libs\GameNetworkingSockets;..\shared\libs\SteamWrapper;libs;libs\dglOpenGL;libs\stb;libs\FreeType;libs\openal;libs\macOS"/>
            <UnitOutputDirectory Value="build\$(TargetOS)"/>
          </SearchPaths>
          <Parsing>
            <SyntaxOptions>
              <SyntaxMode Value="Delphi"/>
              <UseAnsiStrings Value="False"/>
            </SyntaxOptions>
          </Parsing>
          <CodeGeneration>
            <SmartLinkUnit Value="True"/>
            <RelocatableUnit Value="True"/>
            <TargetCPU Value="i386"/>
            <TargetOS Value="darwin"/>
            <Optimizations>
              <OptimizationLevel Value="3"/>
              <VariablesInRegisters Value="True"/>
            </Optimizations>
            <SmallerCode Value="True"/>
          </CodeGeneration>
          <Linking>
            <Debugging>
              <GenerateDebugInfo Value="False"/>
              <UseLineInfoUnit Value="False"/>
              <StripSymbols Value="True"/>
            </Debugging>
            <LinkSmart Value="True"/>
            <Options>
              <PassLinkerOptions Value="True"/>
              <LinkerOptions Value="-FmacOS\Frameworks -framework OpenAL -framework OpenGL -framework SDL2 -rpath @executable_path -rpath @executable_path\..\Frameworks"/>
            </Options>
          </Linking>
          <Other>
            <Verbosity>
              <ShowNotes Value="False"/>
              <ShowHints Value="False"/>
            </Verbosity>
          </Other>
        </CompilerOptions>
      </Item11>
      <Item12 Name="GNU/Linux ARM debug">
        <CompilerOptions>
          <Version Value="11"/>
          <PathDelim Value="\"/>
          <Target>
            <Filename Value="build\opensoldat"/>
          </Target>
          <SearchPaths>
            <IncludeFiles Value="libs;..\3rdparty\Pascal-SDL-2-Headers;..\3rdparty\Indy10\Lib\System;..\3rdparty\Indy10\Lib\Core;..\shared;..\shared\libs;..\shared\libs\KrakenSDK;libs\dglOpenGL;libs\stb;libs\FreeType;libs\openal;$(ProjOutDir)"/>
            <Libraries Value="build"/>
            <OtherUnitFiles Value="..\shared;..\shared\mechanics;..\shared\network;..\3rdparty\Pascal-SDL-2-Headers;..\3rdparty\Indy10\Lib\System;..\3rdparty\Indy10\Lib\Core;..\shared\libs;..\shared\libs\KrakenSDK;..\shared\libs\PhysFS;..\shared\libs\GameNetworkingSockets;..\shared\libs\SteamWrapper;libs;libs\dglOpenGL;libs\stb;libs\FreeType;libs\openal"/>
            <UnitOutputDirectory Value="build\$(TargetOS)"/>
          </SearchPaths>
          <Parsing>
            <SyntaxOptions>
              <SyntaxMode Value="Delphi"/>
              <UseAnsiStrings Value="False"/>
            </SyntaxOptions>
          </Parsing>
          <CodeGeneration>
            <TargetCPU Value="arm"/>
            <TargetOS Value="linux"/>
          </CodeGeneration>
          <Linking>
            <Debugging>
              <UseLineInfoUnit Value="False"/>
            </Debugging>
          </Linking>
          <Other>
            <CustomOptions Value="-dDEBUG
-dDEVELOPMENT"/>
          </Other>
        </CompilerOptions>
      </Item12>
      <Item13 Name="GNU/Linux ARM release">
        <CompilerOptions>
          <Version Value="11"/>
          <PathDelim Value="\"/>
          <Target>
            <Filename Value="build\opensoldat" ApplyConventions="False"/>
          </Target>
          <SearchPaths>
            <IncludeFiles Value="libs;..\3rdparty\Pascal-SDL-2-Headers;..\3rdparty\Indy10\Lib\System;..\3rdparty\Indy10\Lib\Core;..\shared;..\shared\libs;..\shared\libs\KrakenSDK;libs\dglOpenGL;libs\stb;libs\FreeType;libs\openal;$(ProjOutDir)"/>
            <Libraries Value="build"/>
            <OtherUnitFiles Value="..\shared;..\shared\mechanics;..\shared\network;..\3rdparty\Pascal-SDL-2-Headers;..\3rdparty\Indy10\Lib\System;..\3rdparty\Indy10\Lib\Core;..\shared\libs;..\shared\libs\KrakenSDK;..\shared\libs\PhysFS;..\shared\libs\GameNetworkingSockets;..\shared\libs\SteamWrapper;libs;libs\dglOpenGL;libs\stb;libs\FreeType;libs\openal"/>
            <UnitOutputDirectory Value="build\$(TargetOS)"/>
          </SearchPaths>
          <Parsing>
            <SyntaxOptions>
              <SyntaxMode Value="Delphi"/>
              <UseAnsiStrings Value="False"/>
            </SyntaxOptions>
          </Parsing>
          <CodeGeneration>
            <SmartLinkUnit Value="True"/>
            <TargetCPU Value="arm"/>
            <TargetOS Value="linux"/>
            <Optimizations>
              <OptimizationLevel Value="3"/>
              <VariablesInRegisters Value="True"/>
            </Optimizations>
            <SmallerCode Value="True"/>
          </CodeGeneration>
          <Linking>
            <Debugging>
              <GenerateDebugInfo Value="False"/>
              <UseLineInfoUnit Value="False"/>
              <StripSymbols Value="True"/>
            </Debugging>
            <LinkSmart Value="True"/>
          </Linking>
          <Other>
            <Verbosity>
              <ShowNotes Value="False"/>
              <ShowHints Value="False"/>
            </Verbosity>
          </Other>
        </CompilerOptions>
      </Item13>
    </BuildModes>
    <PublishOptions>
      <Version Value="2"/>
    </PublishOptions>
    <RunParams>
      <local>
        <CommandLineParams Value="-join 127.0.0.1 23073"/>
        <LaunchingApplication PathPlusParams="\usr\X11R6\bin\xterm -T &apos;Lazarus Run Output&apos; -e $(LazarusDir)\tools\runwait.sh $(TargetCmdLine)"/>
      </local>
      <environment>
        <UserOverrides Count="1">
          <Variable0 Name="FAE_OFF" Value="1"/>
        </UserOverrides>
      </environment>
      <FormatVersion Value="2"/>
      <Modes Count="1">
        <Mode0 Name="default">
          <local>
            <CommandLineParams Value="-join 127.0.0.1 23073"/>
            <LaunchingApplication PathPlusParams="\usr\X11R6\bin\xterm -T &apos;Lazarus Run Output&apos; -e $(LazarusDir)\tools\runwait.sh $(TargetCmdLine)"/>
          </local>
          <environment>
            <UserOverrides Count="1">
              <Variable0 Name="FAE_OFF" Value="1"/>
            </UserOverrides>
          </environment>
        </Mode0>
      </Modes>
    </RunParams>
    <Units Count="62">
      <Unit0>
        <Filename Value="opensoldat.lpr"/>
        <IsPartOfProject Value="True"/>
      </Unit0>
      <Unit1>
        <Filename Value="..\shared\AI.pas"/>
        <IsPartOfProject Value="True"/>
      </Unit1>
      <Unit2>
        <Filename Value="..\shared\Anims.pas"/>
        <IsPartOfProject Value="True"/>
      </Unit2>
      <Unit3>
        <Filename Value="..\shared\Calc.pas"/>
        <IsPartOfProject Value="True"/>
      </Unit3>
      <Unit4>
        <Filename Value="ClientGame.pas"/>
        <IsPartOfProject Value="True"/>
      </Unit4>
      <Unit5>
        <Filename Value="..\shared\Constants.pas"/>
        <IsPartOfProject Value="True"/>
      </Unit5>
      <Unit6>
        <Filename Value="..\shared\Demo.pas"/>
        <IsPartOfProject Value="True"/>
      </Unit6>
      <Unit7>
        <Filename Value="..\shared\Game.pas"/>
        <IsPartOfProject Value="True"/>
      </Unit7>
      <Unit8>
        <Filename Value="GameMenus.pas"/>
        <IsPartOfProject Value="True"/>
      </Unit8>
      <Unit9>
        <Filename Value="GameStrings.pas"/>
        <IsPartOfProject Value="True"/>
      </Unit9>
      <Unit10>
        <Filename Value="Input.pas"/>
        <IsPartOfProject Value="True"/>
      </Unit10>
      <Unit11>
        <Filename Value="..\shared\LogFile.pas"/>
        <IsPartOfProject Value="True"/>
      </Unit11>
      <Unit12>
        <Filename Value="..\shared\Parts.pas"/>
        <IsPartOfProject Value="True"/>
      </Unit12>
      <Unit13>
        <Filename Value="..\shared\MapFile.pas"/>
        <IsPartOfProject Value="True"/>
      </Unit13>
      <Unit14>
        <Filename Value="..\shared\PolyMap.pas"/>
        <IsPartOfProject Value="True"/>
      </Unit14>
      <Unit15>
        <Filename Value="..\shared\SharedConfig.pas"/>
        <IsPartOfProject Value="True"/>
      </Unit15>
      <Unit16>
        <Filename Value="Sound.pas"/>
        <IsPartOfProject Value="True"/>
      </Unit16>
      <Unit17>
        <Filename Value="..\shared\TraceLog.pas"/>
        <IsPartOfProject Value="True"/>
      </Unit17>
      <Unit18>
        <Filename Value="..\shared\Vector.pas"/>
        <IsPartOfProject Value="True"/>
      </Unit18>
      <Unit19>
        <Filename Value="..\shared\Version.pas"/>
        <IsPartOfProject Value="True"/>
      </Unit19>
      <Unit20>
        <Filename Value="..\shared\Waypoints.pas"/>
        <IsPartOfProject Value="True"/>
      </Unit20>
      <Unit21>
        <Filename Value="..\shared\Weapons.pas"/>
        <IsPartOfProject Value="True"/>
      </Unit21>
      <Unit22>
        <Filename Value="GameRendering.pas"/>
        <IsPartOfProject Value="True"/>
      </Unit22>
      <Unit23>
        <Filename Value="InterfaceGraphics.pas"/>
        <IsPartOfProject Value="True"/>
      </Unit23>
      <Unit24>
        <Filename Value="BinPack.pas"/>
        <IsPartOfProject Value="True"/>
      </Unit24>
      <Unit25>
        <Filename Value="Gfx.pas"/>
        <IsPartOfProject Value="True"/>
      </Unit25>
      <Unit26>
        <Filename Value="GostekGraphics.pas"/>
        <IsPartOfProject Value="True"/>
      </Unit26>
      <Unit27>
        <Filename Value="UpdateFrame.pas"/>
        <IsPartOfProject Value="True"/>
      </Unit27>
      <Unit28>
        <Filename Value="WeatherEffects.pas"/>
        <IsPartOfProject Value="True"/>
      </Unit28>
      <Unit29>
        <Filename Value="ControlGame.pas"/>
        <IsPartOfProject Value="True"/>
      </Unit29>
      <Unit30>
        <Filename Value="..\shared\network\NetworkClientConnection.pas"/>
        <IsPartOfProject Value="True"/>
      </Unit30>
      <Unit31>
        <Filename Value="..\shared\network\NetworkClientFunctions.pas"/>
        <IsPartOfProject Value="True"/>
      </Unit31>
      <Unit32>
        <Filename Value="GostekGraphics.inc"/>
        <IsPartOfProject Value="True"/>
      </Unit32>
      <Unit33>
        <Filename Value="libs\dglOpenGL\dglOpenGL.pas"/>
        <IsPartOfProject Value="True"/>
      </Unit33>
      <Unit34>
        <Filename Value="libs\FreeType;libs\openal\freetype.pas"/>
        <IsPartOfProject Value="True"/>
      </Unit34>
      <Unit35>
        <Filename Value="libs\stb\stb.pas"/>
        <IsPartOfProject Value="True"/>
      </Unit35>
      <Unit36>
        <Filename Value="..\shared\network\NetworkClientThing.pas"/>
        <IsPartOfProject Value="True"/>
      </Unit36>
      <Unit37>
        <Filename Value="..\shared\network\NetworkUtils.pas"/>
        <IsPartOfProject Value="True"/>
      </Unit37>
      <Unit38>
        <Filename Value="..\shared\network\NetworkClientBullet.pas"/>
        <IsPartOfProject Value="True"/>
      </Unit38>
      <Unit39>
        <Filename Value="..\shared\network\NetworkClientGame.pas"/>
        <IsPartOfProject Value="True"/>
      </Unit39>
      <Unit40>
        <Filename Value="..\shared\network\NetworkClientHeartbeat.pas"/>
        <IsPartOfProject Value="True"/>
      </Unit40>
      <Unit41>
        <Filename Value="..\shared\network\NetworkClientMessages.pas"/>
        <IsPartOfProject Value="True"/>
      </Unit41>
      <Unit42>
        <Filename Value="..\shared\network\NetworkClientSprite.pas"/>
        <IsPartOfProject Value="True"/>
      </Unit42>
      <Unit43>
        <Filename Value="..\shared\mechanics\Sprites.pas"/>
        <IsPartOfProject Value="True"/>
      </Unit43>
      <Unit44>
        <Filename Value="..\shared\mechanics\Things.pas"/>
        <IsPartOfProject Value="True"/>
      </Unit44>
      <Unit45>
        <Filename Value="..\shared\mechanics\Bullets.pas"/>
        <IsPartOfProject Value="True"/>
      </Unit45>
      <Unit46>
        <Filename Value="..\shared\mechanics\Sparks.pas"/>
        <IsPartOfProject Value="True"/>
      </Unit46>
      <Unit47>
        <Filename Value="..\shared\Util.pas"/>
        <IsPartOfProject Value="True"/>
      </Unit47>
      <Unit48>
        <Filename Value="..\shared\libs\PhysFS\PhysFS.pas"/>
        <IsPartOfProject Value="True"/>
      </Unit48>
      <Unit49>
        <Filename Value="Client.pas"/>
        <IsPartOfProject Value="True"/>
      </Unit49>
      <Unit50>
        <Filename Value="ClientCommands.pas"/>
        <IsPartOfProject Value="True"/>
      </Unit50>
      <Unit51>
        <Filename Value="FileClient.pas"/>
        <IsPartOfProject Value="True"/>
      </Unit51>
      <Unit52>
        <Filename Value="MapGraphics.pas"/>
        <IsPartOfProject Value="True"/>
      </Unit52>
      <Unit53>
        <Filename Value="..\shared\AutoUpdater.pas"/>
        <IsPartOfProject Value="True"/>
      </Unit53>
      <Unit54>
        <Filename Value="..\shared\Command.pas"/>
        <IsPartOfProject Value="True"/>
      </Unit54>
      <Unit55>
        <Filename Value="..\shared\Console.pas"/>
        <IsPartOfProject Value="True"/>
      </Unit55>
      <Unit56>
        <Filename Value="..\shared\Cvar.pas"/>
        <IsPartOfProject Value="True"/>
      </Unit56>
      <Unit57>
        <Filename Value="..\shared\gfx.inc"/>
        <IsPartOfProject Value="True"/>
      </Unit57>
      <Unit58>
        <Filename Value="..\shared\gfx.inc.in"/>
        <IsPartOfProject Value="True"/>
      </Unit58>
      <Unit59>
        <Filename Value="..\shared\gfx.sh"/>
        <IsPartOfProject Value="True"/>
      </Unit59>
      <Unit60>
        <Filename Value="..\shared\Version.txt"/>
        <IsPartOfProject Value="True"/>
      </Unit60>
      <Unit61>
        <Filename Value="..\shared\VersionLong.txt"/>
        <IsPartOfProject Value="True"/>
      </Unit61>
    </Units>
  </ProjectOptions>
  <CompilerOptions>
    <Version Value="11"/>
    <PathDelim Value="\"/>
    <Target>
      <Filename Value="build\opensoldat"/>
    </Target>
    <SearchPaths>
      <IncludeFiles Value="libs;..\3rdparty\Pascal-SDL-2-Headers;..\3rdparty\Indy10\Lib\System;..\3rdparty\Indy10\Lib\Core;..\shared;..\shared\libs;..\shared\libs\KrakenSDK;libs\dglOpenGL;libs\stb;libs\FreeType;libs\openal;$(ProjOutDir)"/>
      <Libraries Value="build"/>
      <OtherUnitFiles Value="..\shared;..\shared\mechanics;..\shared\network;..\3rdparty\Pascal-SDL-2-Headers;..\3rdparty\Indy10\Lib\System;..\3rdparty\Indy10\Lib\Core;..\shared\libs;..\shared\libs\KrakenSDK;..\shared\libs\PhysFS;..\shared\libs\GameNetworkingSockets;..\shared\libs\SteamWrapper;libs;libs\dglOpenGL;libs\stb;libs\FreeType;libs\openal"/>
      <UnitOutputDirectory Value="build\$(TargetOS)"/>
    </SearchPaths>
    <Parsing>
      <SyntaxOptions>
        <SyntaxMode Value="Delphi"/>
        <UseAnsiStrings Value="False"/>
      </SyntaxOptions>
    </Parsing>
    <CodeGeneration>
      <RelocatableUnit Value="True"/>
      <TargetCPU Value="x86_64"/>
      <TargetOS Value="win64"/>
    </CodeGeneration>
    <Other>
      <Verbosity>
        <ShowNotes Value="False"/>
        <ShowHints Value="False"/>
      </Verbosity>
      <CustomOptions Value="-dDEBUG
-dDEVELOPMENT"/>
    </Other>
  </CompilerOptions>
  <Debugging>
    <Exceptions Count="7">
      <Item1>
        <Name Value="EIdConnClosedGracefully"/>
      </Item1>
      <Item2>
        <Name Value="EStringListError"/>
      </Item2>
      <Item3>
        <Name Value="EAbort"/>
      </Item3>
      <Item4>
        <Name Value="EIdException"/>
      </Item4>
      <Item5>
        <Name Value="TProcNotFoundException"/>
      </Item5>
      <Item6>
        <Name Value="EMOFileError"/>
      </Item6>
      <Item7>
        <Name Value="RunError(201)"/>
      </Item7>
    </Exceptions>
  </Debugging>
</CONFIG>
